
Microsoft Visual Studio Solution File, Format Version 12.00
# Visual Studio 2012
Project("{FAE04EC0-301F-11D3-BF4B-00C04F79EFBC}") = "DataWarehousePerformanceTester", "DataWarehousePerformanceTester\DataWarehousePerformanceTester.csproj", "{F7457452-5A2E-49CD-914C-7C4379C9014D}"
EndProject
Global
	GlobalSection(SolutionConfigurationPlatforms) = preSolution
		Debug|Any CPU = Debug|Any CPU
		Release|Any CPU = Release|Any CPU
	EndGlobalSection
	GlobalSection(ProjectConfigurationPlatforms) = postSolution
		{F7457452-5A2E-49CD-914C-7C4379C9014D}.Debug|Any CPU.ActiveCfg = Debug|Any CPU
		{F7457452-5A2E-49CD-914C-7C4379C9014D}.Debug|Any CPU.Build.0 = Debug|Any CPU
		{F7457452-5A2E-49CD-914C-7C4379C9014D}.Release|Any CPU.ActiveCfg = Release|Any CPU
		{F7457452-5A2E-49CD-914C-7C4379C9014D}.Release|Any CPU.Build.0 = Release|Any CPU
	EndGlobalSection
EndGlobal
